
Microsoft Visual Studio Solution File, Format Version 12.00
# Visual Studio Version 17
VisualStudioVersion = 17.10.35013.160
MinimumVisualStudioVersion = 10.0.40219.1
Project("{9A19103F-16F7-4668-BE54-9A1E7A4F7556}") = "fly-backend", "fly-backend\fly-backend.csproj", "{53C6221E-1E20-4FAC-86A5-B86273D0A19E}"
EndProject
Project("{2150E333-8FDC-42A3-9474-1A3956D46DE8}") = "fly-frontend", "fly-frontend", "{873E1F95-24B3-4B3E-9C3A-9D23ED5DFE10}"
EndProject
Global
	GlobalSection(SolutionConfigurationPlatforms) = preSolution
		Debug|Any CPU = Debug|Any CPU
		Release|Any CPU = Release|Any CPU
	EndGlobalSection
	GlobalSection(ProjectConfigurationPlatforms) = postSolution
		{53C6221E-1E20-4FAC-86A5-B86273D0A19E}.Debug|Any CPU.ActiveCfg = Debug|Any CPU
		{53C6221E-1E20-4FAC-86A5-B86273D0A19E}.Debug|Any CPU.Build.0 = Debug|Any CPU
		{53C6221E-1E20-4FAC-86A5-B86273D0A19E}.Release|Any CPU.ActiveCfg = Release|Any CPU
		{53C6221E-1E20-4FAC-86A5-B86273D0A19E}.Release|Any CPU.Build.0 = Release|Any CPU
	EndGlobalSection
	GlobalSection(SolutionProperties) = preSolution
		HideSolutionNode = FALSE
	EndGlobalSection
	GlobalSection(ExtensibilityGlobals) = postSolution
		SolutionGuid = {F89414A2-BA03-46AE-BED5-978A1BCB8B9A}
	EndGlobalSection
EndGlobal
